
Microsoft Visual Studio Solution File, Format Version 12.00
# Visual Studio Version 17
VisualStudioVersion = 17.6.33829.357
MinimumVisualStudioVersion = 10.0.40219.1
Project("{9A19103F-16F7-4668-BE54-9A1E7A4F7556}") = "BulkyWeb-App", "BulkyWeb-App\BulkyWeb-App.csproj", "{665FFA8F-8C1B-4AC9-AA9E-55CA390F6704}"
EndProject
Project("{9A19103F-16F7-4668-BE54-9A1E7A4F7556}") = "BulkyWebRazor_Temp", "BulkyWebRazor_Temp\BulkyWebRazor_Temp.csproj", "{1EC9AA0D-5802-4899-BD40-FBC6C697CF9B}"
EndProject
Global
	GlobalSection(SolutionConfigurationPlatforms) = preSolution
		Debug|Any CPU = Debug|Any CPU
		Release|Any CPU = Release|Any CPU
	EndGlobalSection
	GlobalSection(ProjectConfigurationPlatforms) = postSolution
		{665FFA8F-8C1B-4AC9-AA9E-55CA390F6704}.Debug|Any CPU.ActiveCfg = Debug|Any CPU
		{665FFA8F-8C1B-4AC9-AA9E-55CA390F6704}.Debug|Any CPU.Build.0 = Debug|Any CPU
		{665FFA8F-8C1B-4AC9-AA9E-55CA390F6704}.Release|Any CPU.ActiveCfg = Release|Any CPU
		{665FFA8F-8C1B-4AC9-AA9E-55CA390F6704}.Release|Any CPU.Build.0 = Release|Any CPU
		{1EC9AA0D-5802-4899-BD40-FBC6C697CF9B}.Debug|Any CPU.ActiveCfg = Debug|Any CPU
		{1EC9AA0D-5802-4899-BD40-FBC6C697CF9B}.Debug|Any CPU.Build.0 = Debug|Any CPU
		{1EC9AA0D-5802-4899-BD40-FBC6C697CF9B}.Release|Any CPU.ActiveCfg = Release|Any CPU
		{1EC9AA0D-5802-4899-BD40-FBC6C697CF9B}.Release|Any CPU.Build.0 = Release|Any CPU
	EndGlobalSection
	GlobalSection(SolutionProperties) = preSolution
		HideSolutionNode = FALSE
	EndGlobalSection
	GlobalSection(ExtensibilityGlobals) = postSolution
		SolutionGuid = {EFADCD87-97F3-45EA-B87D-D46F7E98D5C3}
	EndGlobalSection
EndGlobal
